
Microsoft Visual Studio Solution File, Format Version 12.00
# Visual Studio 15
VisualStudioVersion = 15.0.27428.2002
MinimumVisualStudioVersion = 10.0.40219.1
Project("{F2A71F9B-5D33-465A-A702-920D77279786}") = "Gallagher", "Gallagher\Gallagher.fsproj", "{5D0B255B-7113-42C9-9500-134967BED351}"
EndProject
Global
	GlobalSection(SolutionConfigurationPlatforms) = preSolution
		Debug|Any CPU = Debug|Any CPU
		Release|Any CPU = Release|Any CPU
	EndGlobalSection
	GlobalSection(ProjectConfigurationPlatforms) = postSolution
		{5D0B255B-7113-42C9-9500-134967BED351}.Debug|Any CPU.ActiveCfg = Debug|Any CPU
		{5D0B255B-7113-42C9-9500-134967BED351}.Debug|Any CPU.Build.0 = Debug|Any CPU
		{5D0B255B-7113-42C9-9500-134967BED351}.Release|Any CPU.ActiveCfg = Release|Any CPU
		{5D0B255B-7113-42C9-9500-134967BED351}.Release|Any CPU.Build.0 = Release|Any CPU
	EndGlobalSection
	GlobalSection(SolutionProperties) = preSolution
		HideSolutionNode = FALSE
	EndGlobalSection
	GlobalSection(ExtensibilityGlobals) = postSolution
		SolutionGuid = {512C990F-96D3-448F-9DB6-73B4D0C97834}
	EndGlobalSection
EndGlobal
